
Microsoft Visual Studio Solution File, Format Version 12.00
# Visual Studio Version 16
VisualStudioVersion = 16.0.28803.352
MinimumVisualStudioVersion = 10.0.40219.1
Project("{FAE04EC0-301F-11D3-BF4B-00C04F79EFBC}") = "trabAcTop500", "trabAcTop500\trabAcTop500.csproj", "{14FBE66E-468A-49DB-8EFD-E463B66FD025}"
EndProject
Global
	GlobalSection(SolutionConfigurationPlatforms) = preSolution
		Debug|Any CPU = Debug|Any CPU
		Release|Any CPU = Release|Any CPU
	EndGlobalSection
	GlobalSection(ProjectConfigurationPlatforms) = postSolution
		{14FBE66E-468A-49DB-8EFD-E463B66FD025}.Debug|Any CPU.ActiveCfg = Debug|Any CPU
		{14FBE66E-468A-49DB-8EFD-E463B66FD025}.Debug|Any CPU.Build.0 = Debug|Any CPU
		{14FBE66E-468A-49DB-8EFD-E463B66FD025}.Release|Any CPU.ActiveCfg = Release|Any CPU
		{14FBE66E-468A-49DB-8EFD-E463B66FD025}.Release|Any CPU.Build.0 = Release|Any CPU
	EndGlobalSection
	GlobalSection(SolutionProperties) = preSolution
		HideSolutionNode = FALSE
	EndGlobalSection
	GlobalSection(ExtensibilityGlobals) = postSolution
		SolutionGuid = {0B29BF89-CBA4-41D6-9F72-4F9CF8B0E3EF}
	EndGlobalSection
EndGlobal
